// !$*UTF8*$!
{
	archiveVersion = 1;
	classes = {
	};
	objectVersion = 54;
	objects = {

/* Begin PBXBuildFile section */
		1498D2341E8E89220040F4C2 /* GeneratedPluginRegistrant.m in Sources */ = {isa = PBXBuildFile; fileRef = 1498D2331E8E89220040F4C2 /* GeneratedPluginRegistrant.m */; };
		3502668C2CD853490033B775 /* AllPrayersLockScreen.swift in Sources */ = {isa = PBXBuildFile; fileRef = 3502668B2CD853340033B775 /* AllPrayersLockScreen.swift */; };
		352493452A20816000986E3A /* AllPrayersView.swift in Sources */ = {isa = PBXBuildFile; fileRef = 352493442A20816000986E3A /* AllPrayersView.swift */; };
		354472312CC271FA002565FB /* yasser_aldosari.m4r in Resources */ = {isa = PBXBuildFile; fileRef = 354472302CC271FA002565FB /* yasser_aldosari.m4r */; };
		35547EAA2CC252230013B45A /* tasbih.m4r in Resources */ = {isa = PBXBuildFile; fileRef = 35547EA92CC252230013B45A /* tasbih.m4r */; };
		3558854728D0CDCA00A4AF43 /* iqama1.m4r in Resources */ = {isa = PBXBuildFile; fileRef = 3558854628D0CDCA00A4AF43 /* iqama1.m4r */; };
		3558854928D0D21400A4AF43 /* athan1.m4r in Resources */ = {isa = PBXBuildFile; fileRef = 3558854828D0D21400A4AF43 /* athan1.m4r */; };
		359E118B2A2F565000FAFF3F /* InfoPlist.strings in Resources */ = {isa = PBXBuildFile; fileRef = 359E118E2A2F565000FAFF3F /* InfoPlist.strings */; };
		359E118C2A2F565000FAFF3F /* InfoPlist.strings in Resources */ = {isa = PBXBuildFile; fileRef = 359E118E2A2F565000FAFF3F /* InfoPlist.strings */; };
		35C8AEA828D21DE900E14B6F /* beep.m4r in Resources */ = {isa = PBXBuildFile; fileRef = 35C8AEA728D21DE900E14B6F /* beep.m4r */; };
		35C8AEAA28D21DF500E14B6F /* medina_athan.m4r in Resources */ = {isa = PBXBuildFile; fileRef = 35C8AEA928D21DF500E14B6F /* medina_athan.m4r */; };
		35C8AEAE28D220D900E14B6F /* takbir.m4r in Resources */ = {isa = PBXBuildFile; fileRef = 35C8AEAD28D220D900E14B6F /* takbir.m4r */; };
		35CCA1352CABB1C20037505B /* WidgetBackground.swift in Sources */ = {isa = PBXBuildFile; fileRef = 35CCA1342CABB1BB0037505B /* WidgetBackground.swift */; };
		35CEB4632A1F479200B4CF73 /* Theme.swift in Sources */ = {isa = PBXBuildFile; fileRef = 35CEB4622A1F479200B4CF73 /* Theme.swift */; };
		35CEB4662A1F50F900B4CF73 /* Localizable.strings in Resources */ = {isa = PBXBuildFile; fileRef = 35CEB4682A1F50F900B4CF73 /* Localizable.strings */; };
		35CEB46C2A1F5A9400B4CF73 /* NedaaWidget.intentdefinition in Sources */ = {isa = PBXBuildFile; fileRef = 35CEB46F2A1F5A9400B4CF73 /* NedaaWidget.intentdefinition */; };
		35CEB46D2A1F5A9400B4CF73 /* NedaaWidget.intentdefinition in Sources */ = {isa = PBXBuildFile; fileRef = 35CEB46F2A1F5A9400B4CF73 /* NedaaWidget.intentdefinition */; };
		35D92DA02877327500FEC8B3 /* athan8.m4r in Resources */ = {isa = PBXBuildFile; fileRef = 35D92D9E2877327500FEC8B3 /* athan8.m4r */; };
		35D92DA12877327500FEC8B3 /* knock.m4r in Resources */ = {isa = PBXBuildFile; fileRef = 35D92D9F2877327500FEC8B3 /* knock.m4r */; };
		35D92DA32877328A00FEC8B3 /* athan6.m4r in Resources */ = {isa = PBXBuildFile; fileRef = 35D92DA22877328A00FEC8B3 /* athan6.m4r */; };
		35ED90992A1E008D001D7EDF /* WidgetKit.framework in Frameworks */ = {isa = PBXBuildFile; fileRef = 353254D62A1998BD009C7397 /* WidgetKit.framework */; };
		35ED909A2A1E008D001D7EDF /* SwiftUI.framework in Frameworks */ = {isa = PBXBuildFile; fileRef = 353254D82A1998BD009C7397 /* SwiftUI.framework */; };
		35ED909D2A1E008D001D7EDF /* NedaaWidgetBundle.swift in Sources */ = {isa = PBXBuildFile; fileRef = 35ED909C2A1E008D001D7EDF /* NedaaWidgetBundle.swift */; };
		35ED909F2A1E008D001D7EDF /* NedaaWidgetLiveActivity.swift in Sources */ = {isa = PBXBuildFile; fileRef = 35ED909E2A1E008D001D7EDF /* NedaaWidgetLiveActivity.swift */; };
		35ED90A12A1E008D001D7EDF /* NedaaWidget.swift in Sources */ = {isa = PBXBuildFile; fileRef = 35ED90A02A1E008D001D7EDF /* NedaaWidget.swift */; };
		35ED90A42A1E008E001D7EDF /* Assets.xcassets in Resources */ = {isa = PBXBuildFile; fileRef = 35ED90A32A1E008E001D7EDF /* Assets.xcassets */; };
		35ED90AA2A1E008E001D7EDF /* NedaaWidgetExtension.appex in Embed Foundation Extensions */ = {isa = PBXBuildFile; fileRef = 35ED90982A1E008D001D7EDF /* NedaaWidgetExtension.appex */; settings = {ATTRIBUTES = (RemoveHeadersOnCopy, ); }; };
		35ED90B72A1E04AB001D7EDF /* DatabaseService.swift in Sources */ = {isa = PBXBuildFile; fileRef = 35ED90B62A1E04AB001D7EDF /* DatabaseService.swift */; };
		35ED90B92A1E04D1001D7EDF /* PrayerDataService.swift in Sources */ = {isa = PBXBuildFile; fileRef = 35ED90B82A1E04D1001D7EDF /* PrayerDataService.swift */; };
		35ED90BB2A1E051D001D7EDF /* PrayerCountdownView.swift in Sources */ = {isa = PBXBuildFile; fileRef = 35ED90BA2A1E051D001D7EDF /* PrayerCountdownView.swift */; };
		35ED90BD2A1E241D001D7EDF /* PrayerCountdownLockScreenView.swift in Sources */ = {isa = PBXBuildFile; fileRef = 35ED90BC2A1E241D001D7EDF /* PrayerCountdownLockScreenView.swift */; };
		36DE35344DFB03E497F7969E /* Pods_Runner.framework in Frameworks */ = {isa = PBXBuildFile; fileRef = 700ADC44F5530E8D552481ED /* Pods_Runner.framework */; };
		3B3967161E833CAA004F5970 /* AppFrameworkInfo.plist in Resources */ = {isa = PBXBuildFile; fileRef = 3B3967151E833CAA004F5970 /* AppFrameworkInfo.plist */; };
		74858FAF1ED2DC5600515810 /* AppDelegate.swift in Sources */ = {isa = PBXBuildFile; fileRef = 74858FAE1ED2DC5600515810 /* AppDelegate.swift */; };
		97C146FC1CF9000F007C117D /* Main.storyboard in Resources */ = {isa = PBXBuildFile; fileRef = 97C146FA1CF9000F007C117D /* Main.storyboard */; };
		97C146FE1CF9000F007C117D /* Assets.xcassets in Resources */ = {isa = PBXBuildFile; fileRef = 97C146FD1CF9000F007C117D /* Assets.xcassets */; };
		97C147011CF9000F007C117D /* LaunchScreen.storyboard in Resources */ = {isa = PBXBuildFile; fileRef = 97C146FF1CF9000F007C117D /* LaunchScreen.storyboard */; };
/* End PBXBuildFile section */

/* Begin PBXContainerItemProxy section */
		35ED90A82A1E008E001D7EDF /* PBXContainerItemProxy */ = {
			isa = PBXContainerItemProxy;
			containerPortal = 97C146E61CF9000F007C117D /* Project object */;
			proxyType = 1;
			remoteGlobalIDString = 35ED90972A1E008D001D7EDF;
			remoteInfo = NedaaWidgetExtension;
		};
/* End PBXContainerItemProxy section */

/* Begin PBXCopyFilesBuildPhase section */
		353254E52A1998BE009C7397 /* Embed Foundation Extensions */ = {
			isa = PBXCopyFilesBuildPhase;
			buildActionMask = 2147483647;
			dstPath = "";
			dstSubfolderSpec = 13;
			files = (
				35ED90AA2A1E008E001D7EDF /* NedaaWidgetExtension.appex in Embed Foundation Extensions */,
			);
			name = "Embed Foundation Extensions";
			runOnlyForDeploymentPostprocessing = 0;
		};
		9705A1C41CF9048500538489 /* Embed Frameworks */ = {
			isa = PBXCopyFilesBuildPhase;
			buildActionMask = 2147483647;
			dstPath = "";
			dstSubfolderSpec = 10;
			files = (
			);
			name = "Embed Frameworks";
			runOnlyForDeploymentPostprocessing = 0;
		};
/* End PBXCopyFilesBuildPhase section */

/* Begin PBXFileReference section */
		0DC5096CD621C5C5DB0E81D6 /* Pods-Runner.debug.xcconfig */ = {isa = PBXFileReference; includeInIndex = 1; lastKnownFileType = text.xcconfig; name = "Pods-Runner.debug.xcconfig"; path = "Target Support Files/Pods-Runner/Pods-Runner.debug.xcconfig"; sourceTree = "<group>"; };
		143556D7139CD8AE2035F3DE /* Pods-Runner.profile.xcconfig */ = {isa = PBXFileReference; includeInIndex = 1; lastKnownFileType = text.xcconfig; name = "Pods-Runner.profile.xcconfig"; path = "Target Support Files/Pods-Runner/Pods-Runner.profile.xcconfig"; sourceTree = "<group>"; };
		1498D2321E8E86230040F4C2 /* GeneratedPluginRegistrant.h */ = {isa = PBXFileReference; lastKnownFileType = sourcecode.c.h; path = GeneratedPluginRegistrant.h; sourceTree = "<group>"; };
		1498D2331E8E89220040F4C2 /* GeneratedPluginRegistrant.m */ = {isa = PBXFileReference; fileEncoding = 4; lastKnownFileType = sourcecode.c.objc; path = GeneratedPluginRegistrant.m; sourceTree = "<group>"; };
		3502668B2CD853340033B775 /* AllPrayersLockScreen.swift */ = {isa = PBXFileReference; lastKnownFileType = sourcecode.swift; path = AllPrayersLockScreen.swift; sourceTree = "<group>"; };
		352493442A20816000986E3A /* AllPrayersView.swift */ = {isa = PBXFileReference; lastKnownFileType = sourcecode.swift; path = AllPrayersView.swift; sourceTree = "<group>"; };
		353254D62A1998BD009C7397 /* WidgetKit.framework */ = {isa = PBXFileReference; lastKnownFileType = wrapper.framework; name = WidgetKit.framework; path = System/Library/Frameworks/WidgetKit.framework; sourceTree = SDKROOT; };
		353254D82A1998BD009C7397 /* SwiftUI.framework */ = {isa = PBXFileReference; lastKnownFileType = wrapper.framework; name = SwiftUI.framework; path = System/Library/Frameworks/SwiftUI.framework; sourceTree = SDKROOT; };
		3532550A2A199C3D009C7397 /* NedaaWidgetExtension.entitlements */ = {isa = PBXFileReference; lastKnownFileType = text.plist.entitlements; path = NedaaWidgetExtension.entitlements; sourceTree = "<group>"; };
		354472302CC271FA002565FB /* yasser_aldosari.m4r */ = {isa = PBXFileReference; lastKnownFileType = file; path = yasser_aldosari.m4r; sourceTree = "<group>"; };
		35547EA92CC252230013B45A /* tasbih.m4r */ = {isa = PBXFileReference; lastKnownFileType = file; path = tasbih.m4r; sourceTree = "<group>"; };
		3558854628D0CDCA00A4AF43 /* iqama1.m4r */ = {isa = PBXFileReference; lastKnownFileType = file; path = iqama1.m4r; sourceTree = "<group>"; };
		3558854828D0D21400A4AF43 /* athan1.m4r */ = {isa = PBXFileReference; lastKnownFileType = file; path = athan1.m4r; sourceTree = "<group>"; };
		358D316428B6A2DE00472A8D /* Runner.entitlements */ = {isa = PBXFileReference; lastKnownFileType = text.plist.entitlements; path = Runner.entitlements; sourceTree = "<group>"; };
		359E118D2A2F565000FAFF3F /* en */ = {isa = PBXFileReference; lastKnownFileType = text.plist.strings; name = en; path = en.lproj/InfoPlist.strings; sourceTree = "<group>"; };
		359E118F2A2F565500FAFF3F /* ar */ = {isa = PBXFileReference; lastKnownFileType = text.plist.strings; name = ar; path = ar.lproj/InfoPlist.strings; sourceTree = "<group>"; };
		35C8AEA728D21DE900E14B6F /* beep.m4r */ = {isa = PBXFileReference; lastKnownFileType = file; path = beep.m4r; sourceTree = "<group>"; };
		35C8AEA928D21DF500E14B6F /* medina_athan.m4r */ = {isa = PBXFileReference; lastKnownFileType = file; path = medina_athan.m4r; sourceTree = "<group>"; };
		35C8AEAD28D220D900E14B6F /* takbir.m4r */ = {isa = PBXFileReference; lastKnownFileType = file; path = takbir.m4r; sourceTree = "<group>"; };
		35CCA1342CABB1BB0037505B /* WidgetBackground.swift */ = {isa = PBXFileReference; lastKnownFileType = sourcecode.swift; path = WidgetBackground.swift; sourceTree = "<group>"; };
		35CEB4622A1F479200B4CF73 /* Theme.swift */ = {isa = PBXFileReference; lastKnownFileType = sourcecode.swift; path = Theme.swift; sourceTree = "<group>"; };
		35CEB4672A1F50F900B4CF73 /* en */ = {isa = PBXFileReference; lastKnownFileType = text.plist.strings; name = en; path = en.lproj/Localizable.strings; sourceTree = "<group>"; };
		35CEB4692A1F511100B4CF73 /* ar */ = {isa = PBXFileReference; lastKnownFileType = text.plist.strings; name = ar; path = ar.lproj/Main.strings; sourceTree = "<group>"; };
		35CEB46A2A1F511100B4CF73 /* ar */ = {isa = PBXFileReference; lastKnownFileType = text.plist.strings; name = ar; path = ar.lproj/LaunchScreen.strings; sourceTree = "<group>"; };
		35CEB46B2A1F511100B4CF73 /* ar */ = {isa = PBXFileReference; lastKnownFileType = text.plist.strings; name = ar; path = ar.lproj/Localizable.strings; sourceTree = "<group>"; };
		35CEB46E2A1F5A9400B4CF73 /* en */ = {isa = PBXFileReference; lastKnownFileType = file.intentdefinition; name = en; path = en.lproj/NedaaWidget.intentdefinition; sourceTree = "<group>"; };
		35CEB4712A1F5A9A00B4CF73 /* ar */ = {isa = PBXFileReference; lastKnownFileType = text.plist.strings; name = ar; path = ar.lproj/NedaaWidget.strings; sourceTree = "<group>"; };
		35D92D9E2877327500FEC8B3 /* athan8.m4r */ = {isa = PBXFileReference; lastKnownFileType = file; path = athan8.m4r; sourceTree = "<group>"; };
		35D92D9F2877327500FEC8B3 /* knock.m4r */ = {isa = PBXFileReference; lastKnownFileType = file; path = knock.m4r; sourceTree = "<group>"; };
		35D92DA22877328A00FEC8B3 /* athan6.m4r */ = {isa = PBXFileReference; lastKnownFileType = file; path = athan6.m4r; sourceTree = "<group>"; };
		35ED90982A1E008D001D7EDF /* NedaaWidgetExtension.appex */ = {isa = PBXFileReference; explicitFileType = "wrapper.app-extension"; includeInIndex = 0; path = NedaaWidgetExtension.appex; sourceTree = BUILT_PRODUCTS_DIR; };
		35ED909C2A1E008D001D7EDF /* NedaaWidgetBundle.swift */ = {isa = PBXFileReference; lastKnownFileType = sourcecode.swift; path = NedaaWidgetBundle.swift; sourceTree = "<group>"; };
		35ED909E2A1E008D001D7EDF /* NedaaWidgetLiveActivity.swift */ = {isa = PBXFileReference; lastKnownFileType = sourcecode.swift; path = NedaaWidgetLiveActivity.swift; sourceTree = "<group>"; };
		35ED90A02A1E008D001D7EDF /* NedaaWidget.swift */ = {isa = PBXFileReference; lastKnownFileType = sourcecode.swift; path = NedaaWidget.swift; sourceTree = "<group>"; };
		35ED90A32A1E008E001D7EDF /* Assets.xcassets */ = {isa = PBXFileReference; lastKnownFileType = folder.assetcatalog; path = Assets.xcassets; sourceTree = "<group>"; };
		35ED90A52A1E008E001D7EDF /* Info.plist */ = {isa = PBXFileReference; lastKnownFileType = text.plist.xml; path = Info.plist; sourceTree = "<group>"; };
		35ED90B62A1E04AB001D7EDF /* DatabaseService.swift */ = {isa = PBXFileReference; lastKnownFileType = sourcecode.swift; path = DatabaseService.swift; sourceTree = "<group>"; };
		35ED90B82A1E04D1001D7EDF /* PrayerDataService.swift */ = {isa = PBXFileReference; lastKnownFileType = sourcecode.swift; path = PrayerDataService.swift; sourceTree = "<group>"; };
		35ED90BA2A1E051D001D7EDF /* PrayerCountdownView.swift */ = {isa = PBXFileReference; lastKnownFileType = sourcecode.swift; path = PrayerCountdownView.swift; sourceTree = "<group>"; };
		35ED90BC2A1E241D001D7EDF /* PrayerCountdownLockScreenView.swift */ = {isa = PBXFileReference; lastKnownFileType = sourcecode.swift; path = PrayerCountdownLockScreenView.swift; sourceTree = "<group>"; };
		3B3967151E833CAA004F5970 /* AppFrameworkInfo.plist */ = {isa = PBXFileReference; fileEncoding = 4; lastKnownFileType = text.plist.xml; name = AppFrameworkInfo.plist; path = Flutter/AppFrameworkInfo.plist; sourceTree = "<group>"; };
		700ADC44F5530E8D552481ED /* Pods_Runner.framework */ = {isa = PBXFileReference; explicitFileType = wrapper.framework; includeInIndex = 0; path = Pods_Runner.framework; sourceTree = BUILT_PRODUCTS_DIR; };
		74858FAD1ED2DC5600515810 /* Runner-Bridging-Header.h */ = {isa = PBXFileReference; lastKnownFileType = sourcecode.c.h; path = "Runner-Bridging-Header.h"; sourceTree = "<group>"; };
		74858FAE1ED2DC5600515810 /* AppDelegate.swift */ = {isa = PBXFileReference; fileEncoding = 4; lastKnownFileType = sourcecode.swift; path = AppDelegate.swift; sourceTree = "<group>"; };
		7AFA3C8E1D35360C0083082E /* Release.xcconfig */ = {isa = PBXFileReference; lastKnownFileType = text.xcconfig; name = Release.xcconfig; path = Flutter/Release.xcconfig; sourceTree = "<group>"; };
		9740EEB21CF90195004384FC /* Debug.xcconfig */ = {isa = PBXFileReference; fileEncoding = 4; lastKnownFileType = text.xcconfig; name = Debug.xcconfig; path = Flutter/Debug.xcconfig; sourceTree = "<group>"; };
		9740EEB31CF90195004384FC /* Generated.xcconfig */ = {isa = PBXFileReference; fileEncoding = 4; lastKnownFileType = text.xcconfig; name = Generated.xcconfig; path = Flutter/Generated.xcconfig; sourceTree = "<group>"; };
		97C146EE1CF9000F007C117D /* Runner.app */ = {isa = PBXFileReference; explicitFileType = wrapper.application; includeInIndex = 0; path = Runner.app; sourceTree = BUILT_PRODUCTS_DIR; };
		97C146FB1CF9000F007C117D /* Base */ = {isa = PBXFileReference; lastKnownFileType = file.storyboard; name = Base; path = Base.lproj/Main.storyboard; sourceTree = "<group>"; };
		97C146FD1CF9000F007C117D /* Assets.xcassets */ = {isa = PBXFileReference; lastKnownFileType = folder.assetcatalog; path = Assets.xcassets; sourceTree = "<group>"; };
		97C147001CF9000F007C117D /* Base */ = {isa = PBXFileReference; lastKnownFileType = file.storyboard; name = Base; path = Base.lproj/LaunchScreen.storyboard; sourceTree = "<group>"; };
		97C147021CF9000F007C117D /* Info.plist */ = {isa = PBXFileReference; lastKnownFileType = text.plist.xml; path = Info.plist; sourceTree = "<group>"; };
		A5C9DB606376CB8C050E1790 /* Pods-Runner.release.xcconfig */ = {isa = PBXFileReference; includeInIndex = 1; lastKnownFileType = text.xcconfig; name = "Pods-Runner.release.xcconfig"; path = "Target Support Files/Pods-Runner/Pods-Runner.release.xcconfig"; sourceTree = "<group>"; };
/* End PBXFileReference section */

/* Begin PBXFrameworksBuildPhase section */
		35ED90952A1E008D001D7EDF /* Frameworks */ = {
			isa = PBXFrameworksBuildPhase;
			buildActionMask = 2147483647;
			files = (
				35ED909A2A1E008D001D7EDF /* SwiftUI.framework in Frameworks */,
				35ED90992A1E008D001D7EDF /* WidgetKit.framework in Frameworks */,
			);
			runOnlyForDeploymentPostprocessing = 0;
		};
		97C146EB1CF9000F007C117D /* Frameworks */ = {
			isa = PBXFrameworksBuildPhase;
			buildActionMask = 2147483647;
			files = (
				36DE35344DFB03E497F7969E /* Pods_Runner.framework in Frameworks */,
			);
			runOnlyForDeploymentPostprocessing = 0;
		};
/* End PBXFrameworksBuildPhase section */

/* Begin PBXGroup section */
		2BEB4CF1BE1835790FBD9BE7 /* Pods */ = {
			isa = PBXGroup;
			children = (
				0DC5096CD621C5C5DB0E81D6 /* Pods-Runner.debug.xcconfig */,
				A5C9DB606376CB8C050E1790 /* Pods-Runner.release.xcconfig */,
				143556D7139CD8AE2035F3DE /* Pods-Runner.profile.xcconfig */,
			);
			path = Pods;
			sourceTree = "<group>";
		};
		35AE72AE287725A900B5A1E9 /* Resources */ = {
			isa = PBXGroup;
			children = (
				354472302CC271FA002565FB /* yasser_aldosari.m4r */,
				35D92DA22877328A00FEC8B3 /* athan6.m4r */,
				3558854828D0D21400A4AF43 /* athan1.m4r */,
				35C8AEA728D21DE900E14B6F /* beep.m4r */,
				35C8AEA928D21DF500E14B6F /* medina_athan.m4r */,
				35C8AEAD28D220D900E14B6F /* takbir.m4r */,
				35547EA92CC252230013B45A /* tasbih.m4r */,
				3558854628D0CDCA00A4AF43 /* iqama1.m4r */,
				35D92D9E2877327500FEC8B3 /* athan8.m4r */,
				35D92D9F2877327500FEC8B3 /* knock.m4r */,
			);
			path = Resources;
			sourceTree = "<group>";
		};
		35ED909B2A1E008D001D7EDF /* NedaaWidget */ = {
			isa = PBXGroup;
			children = (
				3502668B2CD853340033B775 /* AllPrayersLockScreen.swift */,
				35CCA1342CABB1BB0037505B /* WidgetBackground.swift */,
				35ED909C2A1E008D001D7EDF /* NedaaWidgetBundle.swift */,
				35ED909E2A1E008D001D7EDF /* NedaaWidgetLiveActivity.swift */,
				35ED90A02A1E008D001D7EDF /* NedaaWidget.swift */,
				35CEB46F2A1F5A9400B4CF73 /* NedaaWidget.intentdefinition */,
				35ED90A32A1E008E001D7EDF /* Assets.xcassets */,
				35ED90A52A1E008E001D7EDF /* Info.plist */,
				35ED90B62A1E04AB001D7EDF /* DatabaseService.swift */,
				35ED90B82A1E04D1001D7EDF /* PrayerDataService.swift */,
				35ED90BA2A1E051D001D7EDF /* PrayerCountdownView.swift */,
				35ED90BC2A1E241D001D7EDF /* PrayerCountdownLockScreenView.swift */,
				35CEB4622A1F479200B4CF73 /* Theme.swift */,
				35CEB4682A1F50F900B4CF73 /* Localizable.strings */,
				352493442A20816000986E3A /* AllPrayersView.swift */,
			);
			path = NedaaWidget;
			sourceTree = "<group>";
		};
		6DE4D500272B8EC12F5F21F7 /* Frameworks */ = {
			isa = PBXGroup;
			children = (
				700ADC44F5530E8D552481ED /* Pods_Runner.framework */,
				353254D62A1998BD009C7397 /* WidgetKit.framework */,
				353254D82A1998BD009C7397 /* SwiftUI.framework */,
			);
			name = Frameworks;
			sourceTree = "<group>";
		};
		9740EEB11CF90186004384FC /* Flutter */ = {
			isa = PBXGroup;
			children = (
				3B3967151E833CAA004F5970 /* AppFrameworkInfo.plist */,
				9740EEB21CF90195004384FC /* Debug.xcconfig */,
				7AFA3C8E1D35360C0083082E /* Release.xcconfig */,
				9740EEB31CF90195004384FC /* Generated.xcconfig */,
			);
			name = Flutter;
			sourceTree = "<group>";
		};
		97C146E51CF9000F007C117D = {
			isa = PBXGroup;
			children = (
				3532550A2A199C3D009C7397 /* NedaaWidgetExtension.entitlements */,
				35AE72AE287725A900B5A1E9 /* Resources */,
				9740EEB11CF90186004384FC /* Flutter */,
				97C146F01CF9000F007C117D /* Runner */,
				35ED909B2A1E008D001D7EDF /* NedaaWidget */,
				97C146EF1CF9000F007C117D /* Products */,
				2BEB4CF1BE1835790FBD9BE7 /* Pods */,
				6DE4D500272B8EC12F5F21F7 /* Frameworks */,
			);
			sourceTree = "<group>";
		};
		97C146EF1CF9000F007C117D /* Products */ = {
			isa = PBXGroup;
			children = (
				97C146EE1CF9000F007C117D /* Runner.app */,
				35ED90982A1E008D001D7EDF /* NedaaWidgetExtension.appex */,
			);
			name = Products;
			sourceTree = "<group>";
		};
		97C146F01CF9000F007C117D /* Runner */ = {
			isa = PBXGroup;
			children = (
				358D316428B6A2DE00472A8D /* Runner.entitlements */,
				97C146FA1CF9000F007C117D /* Main.storyboard */,
				97C146FD1CF9000F007C117D /* Assets.xcassets */,
				97C146FF1CF9000F007C117D /* LaunchScreen.storyboard */,
				97C147021CF9000F007C117D /* Info.plist */,
				1498D2321E8E86230040F4C2 /* GeneratedPluginRegistrant.h */,
				1498D2331E8E89220040F4C2 /* GeneratedPluginRegistrant.m */,
				74858FAE1ED2DC5600515810 /* AppDelegate.swift */,
				74858FAD1ED2DC5600515810 /* Runner-Bridging-Header.h */,
				359E118E2A2F565000FAFF3F /* InfoPlist.strings */,
			);
			path = Runner;
			sourceTree = "<group>";
		};
/* End PBXGroup section */

/* Begin PBXNativeTarget section */
		35ED90972A1E008D001D7EDF /* NedaaWidgetExtension */ = {
			isa = PBXNativeTarget;
			buildConfigurationList = 35ED90AB2A1E008E001D7EDF /* Build configuration list for PBXNativeTarget "NedaaWidgetExtension" */;
			buildPhases = (
				35ED90942A1E008D001D7EDF /* Sources */,
				35ED90952A1E008D001D7EDF /* Frameworks */,
				35ED90962A1E008D001D7EDF /* Resources */,
			);
			buildRules = (
			);
			dependencies = (
			);
			name = NedaaWidgetExtension;
			productName = NedaaWidgetExtension;
			productReference = 35ED90982A1E008D001D7EDF /* NedaaWidgetExtension.appex */;
			productType = "com.apple.product-type.app-extension";
		};
		97C146ED1CF9000F007C117D /* Runner */ = {
			isa = PBXNativeTarget;
			buildConfigurationList = 97C147051CF9000F007C117D /* Build configuration list for PBXNativeTarget "Runner" */;
			buildPhases = (
				102475C7198F838946260BFC /* [CP] Check Pods Manifest.lock */,
				9740EEB61CF901F6004384FC /* Run Script */,
				97C146EA1CF9000F007C117D /* Sources */,
				97C146EB1CF9000F007C117D /* Frameworks */,
				97C146EC1CF9000F007C117D /* Resources */,
				353254E52A1998BE009C7397 /* Embed Foundation Extensions */,
				9705A1C41CF9048500538489 /* Embed Frameworks */,
				3B06AD1E1E4923F5004D2608 /* Thin Binary */,
				C6C0A8E007672BCC8BFAE856 /* [CP] Embed Pods Frameworks */,
				82F2411CB9D53A7AB400B647 /* [CP] Copy Pods Resources */,
				35521B0F2CACF84D00E328B8 /* ShellScript */,
			);
			buildRules = (
			);
			dependencies = (
				35ED90A92A1E008E001D7EDF /* PBXTargetDependency */,
			);
			name = Runner;
			productName = Runner;
			productReference = 97C146EE1CF9000F007C117D /* Runner.app */;
			productType = "com.apple.product-type.application";
		};
/* End PBXNativeTarget section */

/* Begin PBXProject section */
		97C146E61CF9000F007C117D /* Project object */ = {
			isa = PBXProject;
			attributes = {
				BuildIndependentTargetsInParallel = YES;
				LastSwiftUpdateCheck = 1430;
				LastUpgradeCheck = 1510;
				ORGANIZATIONNAME = "";
				TargetAttributes = {
					35ED90972A1E008D001D7EDF = {
						CreatedOnToolsVersion = 14.3;
					};
					97C146ED1CF9000F007C117D = {
						CreatedOnToolsVersion = 7.3.1;
						LastSwiftMigration = 1100;
					};
				};
			};
			buildConfigurationList = 97C146E91CF9000F007C117D /* Build configuration list for PBXProject "Runner" */;
			compatibilityVersion = "Xcode 9.3";
			developmentRegion = en;
			hasScannedForEncodings = 0;
			knownRegions = (
				en,
				Base,
				ar,
			);
			mainGroup = 97C146E51CF9000F007C117D;
			productRefGroup = 97C146EF1CF9000F007C117D /* Products */;
			projectDirPath = "";
			projectRoot = "";
			targets = (
				97C146ED1CF9000F007C117D /* Runner */,
				35ED90972A1E008D001D7EDF /* NedaaWidgetExtension */,
			);
		};
/* End PBXProject section */

/* Begin PBXResourcesBuildPhase section */
		35ED90962A1E008D001D7EDF /* Resources */ = {
			isa = PBXResourcesBuildPhase;
			buildActionMask = 2147483647;
			files = (
				35ED90A42A1E008E001D7EDF /* Assets.xcassets in Resources */,
				359E118C2A2F565000FAFF3F /* InfoPlist.strings in Resources */,
				35CEB4662A1F50F900B4CF73 /* Localizable.strings in Resources */,
			);
			runOnlyForDeploymentPostprocessing = 0;
		};
		97C146EC1CF9000F007C117D /* Resources */ = {
			isa = PBXResourcesBuildPhase;
			buildActionMask = 2147483647;
			files = (
				35D92DA12877327500FEC8B3 /* knock.m4r in Resources */,
				97C147011CF9000F007C117D /* LaunchScreen.storyboard in Resources */,
				3558854928D0D21400A4AF43 /* athan1.m4r in Resources */,
				359E118B2A2F565000FAFF3F /* InfoPlist.strings in Resources */,
				35D92DA02877327500FEC8B3 /* athan8.m4r in Resources */,
				35D92DA32877328A00FEC8B3 /* athan6.m4r in Resources */,
				35547EAA2CC252230013B45A /* tasbih.m4r in Resources */,
				3B3967161E833CAA004F5970 /* AppFrameworkInfo.plist in Resources */,
				354472312CC271FA002565FB /* yasser_aldosari.m4r in Resources */,
				3558854728D0CDCA00A4AF43 /* iqama1.m4r in Resources */,
				35C8AEA828D21DE900E14B6F /* beep.m4r in Resources */,
				97C146FE1CF9000F007C117D /* Assets.xcassets in Resources */,
				97C146FC1CF9000F007C117D /* Main.storyboard in Resources */,
				35C8AEAE28D220D900E14B6F /* takbir.m4r in Resources */,
				35C8AEAA28D21DF500E14B6F /* medina_athan.m4r in Resources */,
			);
			runOnlyForDeploymentPostprocessing = 0;
		};
/* End PBXResourcesBuildPhase section */

/* Begin PBXShellScriptBuildPhase section */
		102475C7198F838946260BFC /* [CP] Check Pods Manifest.lock */ = {
			isa = PBXShellScriptBuildPhase;
			buildActionMask = 2147483647;
			files = (
			);
			inputFileListPaths = (
			);
			inputPaths = (
				"${PODS_PODFILE_DIR_PATH}/Podfile.lock",
				"${PODS_ROOT}/Manifest.lock",
			);
			name = "[CP] Check Pods Manifest.lock";
			outputFileListPaths = (
			);
			outputPaths = (
				"$(DERIVED_FILE_DIR)/Pods-Runner-checkManifestLockResult.txt",
			);
			runOnlyForDeploymentPostprocessing = 0;
			shellPath = /bin/sh;
			shellScript = "diff \"${PODS_PODFILE_DIR_PATH}/Podfile.lock\" \"${PODS_ROOT}/Manifest.lock\" > /dev/null\nif [ $? != 0 ] ; then\n    # print error to STDERR\n    echo \"error: The sandbox is not in sync with the Podfile.lock. Run 'pod install' or update your CocoaPods installation.\" >&2\n    exit 1\nfi\n# This output is used by Xcode 'outputs' to avoid re-running this script phase.\necho \"SUCCESS\" > \"${SCRIPT_OUTPUT_FILE_0}\"\n";
			showEnvVarsInLog = 0;
		};
		35521B0F2CACF84D00E328B8 /* ShellScript */ = {
			isa = PBXShellScriptBuildPhase;
			buildActionMask = 2147483647;
			files = (
			);
			inputFileListPaths = (
			);
			inputPaths = (
			);
			outputFileListPaths = (
			);
			outputPaths = (
			);
			runOnlyForDeploymentPostprocessing = 0;
			shellPath = /bin/sh;
			shellScript = "generatedPath=\"$SRCROOT/Flutter/Generated.xcconfig\"\n\n# Read and trim versionNumber and buildNumber\nversionNumber=$(grep FLUTTER_BUILD_NAME \"$generatedPath\" | cut -d '=' -f2 | xargs)\nbuildNumber=$(grep FLUTTER_BUILD_NUMBER \"$generatedPath\" | cut -d '=' -f2 | xargs)\n\ninfoPlistPath=\"$SRCROOT/NedaaWidget/Info.plist\"\n\n# Check and add CFBundleVersion if it does not exist\n/usr/libexec/PlistBuddy -c \"Print :CFBundleVersion\" \"$infoPlistPath\" 2>/dev/null\nif [ $? != 0 ]; then\n    /usr/libexec/PlistBuddy -c \"Add :CFBundleVersion string $buildNumber\" \"$infoPlistPath\"\nelse\n    /usr/libexec/PlistBuddy -c \"Set :CFBundleVersion $buildNumber\" \"$infoPlistPath\"\nfi\n\n# Check and add CFBundleShortVersionString if it does not exist\n/usr/libexec/PlistBuddy -c \"Print :CFBundleShortVersionString\" \"$infoPlistPath\" 2>/dev/null\nif [ $? != 0 ]; then\n    /usr/libexec/PlistBuddy -c \"Add :CFBundleShortVersionString string $versionNumber\" \"$infoPlistPath\"\nelse\n    /usr/libexec/PlistBuddy -c \"Set :CFBundleShortVersionString $versionNumber\" \"$infoPlistPath\"\nfi\n\n";
		};
		3B06AD1E1E4923F5004D2608 /* Thin Binary */ = {
			isa = PBXShellScriptBuildPhase;
			alwaysOutOfDate = 1;
			buildActionMask = 2147483647;
			files = (
			);
			inputPaths = (
				"${TARGET_BUILD_DIR}/${INFOPLIST_PATH}",
			);
			name = "Thin Binary";
			outputPaths = (
			);
			runOnlyForDeploymentPostprocessing = 0;
			shellPath = /bin/sh;
			shellScript = "/bin/sh \"$FLUTTER_ROOT/packages/flutter_tools/bin/xcode_backend.sh\" embed_and_thin";
		};
		82F2411CB9D53A7AB400B647 /* [CP] Copy Pods Resources */ = {
			isa = PBXShellScriptBuildPhase;
			buildActionMask = 2147483647;
			files = (
			);
			inputFileListPaths = (
				"${PODS_ROOT}/Target Support Files/Pods-Runner/Pods-Runner-resources-${CONFIGURATION}-input-files.xcfilelist",
			);
			name = "[CP] Copy Pods Resources";
			outputFileListPaths = (
				"${PODS_ROOT}/Target Support Files/Pods-Runner/Pods-Runner-resources-${CONFIGURATION}-output-files.xcfilelist",
			);
			runOnlyForDeploymentPostprocessing = 0;
			shellPath = /bin/sh;
			shellScript = "\"${PODS_ROOT}/Target Support Files/Pods-Runner/Pods-Runner-resources.sh\"\n";
			showEnvVarsInLog = 0;
		};
		9740EEB61CF901F6004384FC /* Run Script */ = {
			isa = PBXShellScriptBuildPhase;
			alwaysOutOfDate = 1;
			buildActionMask = 2147483647;
			files = (
			);
			inputPaths = (
			);
			name = "Run Script";
			outputPaths = (
			);
			runOnlyForDeploymentPostprocessing = 0;
			shellPath = /bin/sh;
			shellScript = "/bin/sh \"$FLUTTER_ROOT/packages/flutter_tools/bin/xcode_backend.sh\" build\n";
		};
		C6C0A8E007672BCC8BFAE856 /* [CP] Embed Pods Frameworks */ = {
			isa = PBXShellScriptBuildPhase;
			buildActionMask = 2147483647;
			files = (
			);
			inputFileListPaths = (
				"${PODS_ROOT}/Target Support Files/Pods-Runner/Pods-Runner-frameworks-${CONFIGURATION}-input-files.xcfilelist",
			);
			name = "[CP] Embed Pods Frameworks";
			outputFileListPaths = (
				"${PODS_ROOT}/Target Support Files/Pods-Runner/Pods-Runner-frameworks-${CONFIGURATION}-output-files.xcfilelist",
			);
			runOnlyForDeploymentPostprocessing = 0;
			shellPath = /bin/sh;
			shellScript = "\"${PODS_ROOT}/Target Support Files/Pods-Runner/Pods-Runner-frameworks.sh\"\n";
			showEnvVarsInLog = 0;
		};
/* End PBXShellScriptBuildPhase section */

/* Begin PBXSourcesBuildPhase section */
		35ED90942A1E008D001D7EDF /* Sources */ = {
			isa = PBXSourcesBuildPhase;
			buildActionMask = 2147483647;
			files = (
				35ED90B92A1E04D1001D7EDF /* PrayerDataService.swift in Sources */,
				35ED90BB2A1E051D001D7EDF /* PrayerCountdownView.swift in Sources */,
				35CEB4632A1F479200B4CF73 /* Theme.swift in Sources */,
				35ED909F2A1E008D001D7EDF /* NedaaWidgetLiveActivity.swift in Sources */,
				35ED90B72A1E04AB001D7EDF /* DatabaseService.swift in Sources */,
				35ED90A12A1E008D001D7EDF /* NedaaWidget.swift in Sources */,
				35CEB46D2A1F5A9400B4CF73 /* NedaaWidget.intentdefinition in Sources */,
				35ED90BD2A1E241D001D7EDF /* PrayerCountdownLockScreenView.swift in Sources */,
				3502668C2CD853490033B775 /* AllPrayersLockScreen.swift in Sources */,
				35ED909D2A1E008D001D7EDF /* NedaaWidgetBundle.swift in Sources */,
				35CCA1352CABB1C20037505B /* WidgetBackground.swift in Sources */,
				352493452A20816000986E3A /* AllPrayersView.swift in Sources */,
			);
			runOnlyForDeploymentPostprocessing = 0;
		};
		97C146EA1CF9000F007C117D /* Sources */ = {
			isa = PBXSourcesBuildPhase;
			buildActionMask = 2147483647;
			files = (
				74858FAF1ED2DC5600515810 /* AppDelegate.swift in Sources */,
				35CEB46C2A1F5A9400B4CF73 /* NedaaWidget.intentdefinition in Sources */,
				1498D2341E8E89220040F4C2 /* GeneratedPluginRegistrant.m in Sources */,
			);
			runOnlyForDeploymentPostprocessing = 0;
		};
/* End PBXSourcesBuildPhase section */

/* Begin PBXTargetDependency section */
		35ED90A92A1E008E001D7EDF /* PBXTargetDependency */ = {
			isa = PBXTargetDependency;
			target = 35ED90972A1E008D001D7EDF /* NedaaWidgetExtension */;
			targetProxy = 35ED90A82A1E008E001D7EDF /* PBXContainerItemProxy */;
		};
/* End PBXTargetDependency section */

/* Begin PBXVariantGroup section */
		359E118E2A2F565000FAFF3F /* InfoPlist.strings */ = {
			isa = PBXVariantGroup;
			children = (
				359E118D2A2F565000FAFF3F /* en */,
				359E118F2A2F565500FAFF3F /* ar */,
			);
			name = InfoPlist.strings;
			sourceTree = "<group>";
		};
		35CEB4682A1F50F900B4CF73 /* Localizable.strings */ = {
			isa = PBXVariantGroup;
			children = (
				35CEB4672A1F50F900B4CF73 /* en */,
				35CEB46B2A1F511100B4CF73 /* ar */,
			);
			name = Localizable.strings;
			sourceTree = "<group>";
		};
		35CEB46F2A1F5A9400B4CF73 /* NedaaWidget.intentdefinition */ = {
			isa = PBXVariantGroup;
			children = (
				35CEB46E2A1F5A9400B4CF73 /* en */,
				35CEB4712A1F5A9A00B4CF73 /* ar */,
			);
			name = NedaaWidget.intentdefinition;
			sourceTree = "<group>";
		};
		97C146FA1CF9000F007C117D /* Main.storyboard */ = {
			isa = PBXVariantGroup;
			children = (
				97C146FB1CF9000F007C117D /* Base */,
				35CEB4692A1F511100B4CF73 /* ar */,
			);
			name = Main.storyboard;
			sourceTree = "<group>";
		};
		97C146FF1CF9000F007C117D /* LaunchScreen.storyboard */ = {
			isa = PBXVariantGroup;
			children = (
				97C147001CF9000F007C117D /* Base */,
				35CEB46A2A1F511100B4CF73 /* ar */,
			);
			name = LaunchScreen.storyboard;
			sourceTree = "<group>";
		};
/* End PBXVariantGroup section */

/* Begin XCBuildConfiguration section */
		249021D3217E4FDB00AE95B9 /* Profile */ = {
			isa = XCBuildConfiguration;
			buildSettings = {
				ALWAYS_SEARCH_USER_PATHS = NO;
				CLANG_ANALYZER_LOCALIZABILITY_NONLOCALIZED = YES;
				CLANG_ANALYZER_NONNULL = YES;
				CLANG_CXX_LANGUAGE_STANDARD = "gnu++0x";
				CLANG_CXX_LIBRARY = "libc++";
				CLANG_ENABLE_MODULES = YES;
				CLANG_ENABLE_OBJC_ARC = YES;
				CLANG_WARN_BLOCK_CAPTURE_AUTORELEASING = YES;
				CLANG_WARN_BOOL_CONVERSION = YES;
				CLANG_WARN_COMMA = YES;
				CLANG_WARN_CONSTANT_CONVERSION = YES;
				CLANG_WARN_DEPRECATED_OBJC_IMPLEMENTATIONS = YES;
				CLANG_WARN_DIRECT_OBJC_ISA_USAGE = YES_ERROR;
				CLANG_WARN_EMPTY_BODY = YES;
				CLANG_WARN_ENUM_CONVERSION = YES;
				CLANG_WARN_INFINITE_RECURSION = YES;
				CLANG_WARN_INT_CONVERSION = YES;
				CLANG_WARN_NON_LITERAL_NULL_CONVERSION = YES;
				CLANG_WARN_OBJC_IMPLICIT_RETAIN_SELF = YES;
				CLANG_WARN_OBJC_LITERAL_CONVERSION = YES;
				CLANG_WARN_OBJC_ROOT_CLASS = YES_ERROR;
				CLANG_WARN_QUOTED_INCLUDE_IN_FRAMEWORK_HEADER = YES;
				CLANG_WARN_RANGE_LOOP_ANALYSIS = YES;
				CLANG_WARN_STRICT_PROTOTYPES = YES;
				CLANG_WARN_SUSPICIOUS_MOVE = YES;
				CLANG_WARN_UNREACHABLE_CODE = YES;
				CLANG_WARN__DUPLICATE_METHOD_MATCH = YES;
				"CODE_SIGN_IDENTITY[sdk=iphoneos*]" = "iPhone Developer";
				COPY_PHASE_STRIP = NO;
				DEBUG_INFORMATION_FORMAT = "dwarf-with-dsym";
				ENABLE_NS_ASSERTIONS = NO;
				ENABLE_STRICT_OBJC_MSGSEND = YES;
				ENABLE_USER_SCRIPT_SANDBOXING = NO;
				GCC_C_LANGUAGE_STANDARD = gnu99;
				GCC_NO_COMMON_BLOCKS = YES;
				GCC_WARN_64_TO_32_BIT_CONVERSION = YES;
				GCC_WARN_ABOUT_RETURN_TYPE = YES_ERROR;
				GCC_WARN_UNDECLARED_SELECTOR = YES;
				GCC_WARN_UNINITIALIZED_AUTOS = YES_AGGRESSIVE;
				GCC_WARN_UNUSED_FUNCTION = YES;
				GCC_WARN_UNUSED_VARIABLE = YES;
				IPHONEOS_DEPLOYMENT_TARGET = 12;
				MTL_ENABLE_DEBUG_INFO = NO;
				SDKROOT = iphoneos;
				SUPPORTED_PLATFORMS = iphoneos;
				TARGETED_DEVICE_FAMILY = "1,2";
				VALIDATE_PRODUCT = YES;
			};
			name = Profile;
		};
		249021D4217E4FDB00AE95B9 /* Profile */ = {
			isa = XCBuildConfiguration;
			baseConfigurationReference = 7AFA3C8E1D35360C0083082E /* Release.xcconfig */;
			buildSettings = {
				ASSETCATALOG_COMPILER_APPICON_NAME = AppIcon;
				CLANG_ENABLE_MODULES = YES;
				CODE_SIGN_ENTITLEMENTS = Runner/Runner.entitlements;
				CODE_SIGN_IDENTITY = "Apple Development";
				CODE_SIGN_STYLE = Automatic;
				CURRENT_PROJECT_VERSION = 1;
				DEVELOPMENT_TEAM = MBFRA8P6N9;
				ENABLE_BITCODE = NO;
				INFOPLIST_FILE = Runner/Info.plist;
				INFOPLIST_KEY_LSApplicationCategoryType = "public.app-category.utilities";
				IPHONEOS_DEPLOYMENT_TARGET = 12.0;
				LD_RUNPATH_SEARCH_PATHS = (
					"$(inherited)",
					"@executable_path/Frameworks",
				);
				MARKETING_VERSION = 1.0.8;
				PRODUCT_BUNDLE_IDENTIFIER = io.nedaa.nedaaApp;
				PRODUCT_NAME = "$(TARGET_NAME)";
				PROVISIONING_PROFILE_SPECIFIER = "";
				SUPPORTED_PLATFORMS = "iphoneos iphonesimulator";
				SUPPORTS_MACCATALYST = NO;
				SUPPORTS_MAC_DESIGNED_FOR_IPHONE_IPAD = NO;
				SUPPORTS_XR_DESIGNED_FOR_IPHONE_IPAD = NO;
				SWIFT_OBJC_BRIDGING_HEADER = "Runner/Runner-Bridging-Header.h";
				SWIFT_VERSION = 5.0;
				TARGETED_DEVICE_FAMILY = 1;
				VERSIONING_SYSTEM = "apple-generic";
			};
			name = Profile;
		};
		35ED90AC2A1E008E001D7EDF /* Debug */ = {
			isa = XCBuildConfiguration;
			buildSettings = {
				ASSETCATALOG_COMPILER_GLOBAL_ACCENT_COLOR_NAME = AccentColor;
				ASSETCATALOG_COMPILER_WIDGET_BACKGROUND_COLOR_NAME = WidgetBackground;
				CLANG_ANALYZER_NUMBER_OBJECT_CONVERSION = YES_AGGRESSIVE;
				CLANG_CXX_LANGUAGE_STANDARD = "gnu++20";
				CLANG_ENABLE_OBJC_WEAK = YES;
				CLANG_WARN_DOCUMENTATION_COMMENTS = YES;
				CLANG_WARN_UNGUARDED_AVAILABILITY = YES_AGGRESSIVE;
				CODE_SIGN_ENTITLEMENTS = NedaaWidgetExtension.entitlements;
				CODE_SIGN_IDENTITY = "Apple Development";
				CODE_SIGN_STYLE = Automatic;
				CURRENT_PROJECT_VERSION = 6;
				DEVELOPMENT_TEAM = MBFRA8P6N9;
				GCC_C_LANGUAGE_STANDARD = gnu11;
				GENERATE_INFOPLIST_FILE = YES;
				INFOPLIST_FILE = NedaaWidget/Info.plist;
				INFOPLIST_KEY_CFBundleDisplayName = NedaaWidget;
				INFOPLIST_KEY_NSHumanReadableCopyright = "";
				IPHONEOS_DEPLOYMENT_TARGET = 14.0;
				LD_RUNPATH_SEARCH_PATHS = (
					"$(inherited)",
					"@executable_path/Frameworks",
					"@executable_path/../../Frameworks",
				);
				MARKETING_VERSION = 1.0.3;
				MTL_ENABLE_DEBUG_INFO = INCLUDE_SOURCE;
				MTL_FAST_MATH = YES;
				PRODUCT_BUNDLE_IDENTIFIER = io.nedaa.nedaaApp.NedaaWidget;
				PRODUCT_NAME = "$(TARGET_NAME)";
				SKIP_INSTALL = YES;
				SUPPORTED_PLATFORMS = "iphoneos iphonesimulator";
				SUPPORTS_MACCATALYST = NO;
				SUPPORTS_MAC_DESIGNED_FOR_IPHONE_IPAD = NO;
				SUPPORTS_XR_DESIGNED_FOR_IPHONE_IPAD = NO;
				SWIFT_ACTIVE_COMPILATION_CONDITIONS = DEBUG;
				SWIFT_EMIT_LOC_STRINGS = YES;
				SWIFT_OPTIMIZATION_LEVEL = "-Onone";
				SWIFT_VERSION = 5.0;
				TARGETED_DEVICE_FAMILY = 1;
			};
			name = Debug;
		};
		35ED90AD2A1E008E001D7EDF /* Release */ = {
			isa = XCBuildConfiguration;
			buildSettings = {
				ASSETCATALOG_COMPILER_GLOBAL_ACCENT_COLOR_NAME = AccentColor;
				ASSETCATALOG_COMPILER_WIDGET_BACKGROUND_COLOR_NAME = WidgetBackground;
				CLANG_ANALYZER_NUMBER_OBJECT_CONVERSION = YES_AGGRESSIVE;
				CLANG_CXX_LANGUAGE_STANDARD = "gnu++20";
				CLANG_ENABLE_OBJC_WEAK = YES;
				CLANG_WARN_DOCUMENTATION_COMMENTS = YES;
				CLANG_WARN_UNGUARDED_AVAILABILITY = YES_AGGRESSIVE;
				CODE_SIGN_ENTITLEMENTS = NedaaWidgetExtension.entitlements;
				CODE_SIGN_IDENTITY = "Apple Development";
				"CODE_SIGN_IDENTITY[sdk=iphoneos*]" = "Apple Development";
				CODE_SIGN_STYLE = Automatic;
				CURRENT_PROJECT_VERSION = 6;
				DEVELOPMENT_TEAM = MBFRA8P6N9;
				GCC_C_LANGUAGE_STANDARD = gnu11;
				GENERATE_INFOPLIST_FILE = YES;
				INFOPLIST_FILE = NedaaWidget/Info.plist;
				INFOPLIST_KEY_CFBundleDisplayName = NedaaWidget;
				INFOPLIST_KEY_NSHumanReadableCopyright = "";
				IPHONEOS_DEPLOYMENT_TARGET = 14.0;
				LD_RUNPATH_SEARCH_PATHS = (
					"$(inherited)",
					"@executable_path/Frameworks",
					"@executable_path/../../Frameworks",
				);
				MARKETING_VERSION = 1.0.3;
				MTL_FAST_MATH = YES;
				PRODUCT_BUNDLE_IDENTIFIER = io.nedaa.nedaaApp.NedaaWidget;
				PRODUCT_NAME = "$(TARGET_NAME)";
				SKIP_INSTALL = YES;
				SUPPORTED_PLATFORMS = "iphoneos iphonesimulator";
				SUPPORTS_MACCATALYST = NO;
				SUPPORTS_MAC_DESIGNED_FOR_IPHONE_IPAD = NO;
				SUPPORTS_XR_DESIGNED_FOR_IPHONE_IPAD = NO;
				SWIFT_EMIT_LOC_STRINGS = YES;
				SWIFT_VERSION = 5.0;
				TARGETED_DEVICE_FAMILY = 1;
			};
			name = Release;
		};
		35ED90AE2A1E008E001D7EDF /* Profile */ = {
			isa = XCBuildConfiguration;
			buildSettings = {
				ASSETCATALOG_COMPILER_GLOBAL_ACCENT_COLOR_NAME = AccentColor;
				ASSETCATALOG_COMPILER_WIDGET_BACKGROUND_COLOR_NAME = WidgetBackground;
				CLANG_ANALYZER_NUMBER_OBJECT_CONVERSION = YES_AGGRESSIVE;
				CLANG_CXX_LANGUAGE_STANDARD = "gnu++20";
				CLANG_ENABLE_OBJC_WEAK = YES;
				CLANG_WARN_DOCUMENTATION_COMMENTS = YES;
				CLANG_WARN_UNGUARDED_AVAILABILITY = YES_AGGRESSIVE;
				CODE_SIGN_ENTITLEMENTS = NedaaWidgetExtension.entitlements;
				CODE_SIGN_IDENTITY = "Apple Development";
				CODE_SIGN_STYLE = Automatic;
				CURRENT_PROJECT_VERSION = 6;
				DEVELOPMENT_TEAM = MBFRA8P6N9;
				GCC_C_LANGUAGE_STANDARD = gnu11;
				GENERATE_INFOPLIST_FILE = YES;
				INFOPLIST_FILE = NedaaWidget/Info.plist;
				INFOPLIST_KEY_CFBundleDisplayName = NedaaWidget;
				INFOPLIST_KEY_NSHumanReadableCopyright = "";
				IPHONEOS_DEPLOYMENT_TARGET = 14.0;
				LD_RUNPATH_SEARCH_PATHS = (
					"$(inherited)",
					"@executable_path/Frameworks",
					"@executable_path/../../Frameworks",
				);
				MARKETING_VERSION = 1.0.3;
				MTL_FAST_MATH = YES;
				PRODUCT_BUNDLE_IDENTIFIER = io.nedaa.nedaaApp.NedaaWidget;
				PRODUCT_NAME = "$(TARGET_NAME)";
				SKIP_INSTALL = YES;
				SUPPORTED_PLATFORMS = "iphoneos iphonesimulator";
				SUPPORTS_MACCATALYST = NO;
				SUPPORTS_MAC_DESIGNED_FOR_IPHONE_IPAD = NO;
				SUPPORTS_XR_DESIGNED_FOR_IPHONE_IPAD = NO;
				SWIFT_EMIT_LOC_STRINGS = YES;
				SWIFT_VERSION = 5.0;
				TARGETED_DEVICE_FAMILY = 1;
			};
			name = Profile;
		};
		97C147031CF9000F007C117D /* Debug */ = {
			isa = XCBuildConfiguration;
			buildSettings = {
				ALWAYS_SEARCH_USER_PATHS = NO;
				CLANG_ANALYZER_LOCALIZABILITY_NONLOCALIZED = YES;
				CLANG_ANALYZER_NONNULL = YES;
				CLANG_CXX_LANGUAGE_STANDARD = "gnu++0x";
				CLANG_CXX_LIBRARY = "libc++";
				CLANG_ENABLE_MODULES = YES;
				CLANG_ENABLE_OBJC_ARC = YES;
				CLANG_WARN_BLOCK_CAPTURE_AUTORELEASING = YES;
				CLANG_WARN_BOOL_CONVERSION = YES;
				CLANG_WARN_COMMA = YES;
				CLANG_WARN_CONSTANT_CONVERSION = YES;
				CLANG_WARN_DEPRECATED_OBJC_IMPLEMENTATIONS = YES;
				CLANG_WARN_DIRECT_OBJC_ISA_USAGE = YES_ERROR;
				CLANG_WARN_EMPTY_BODY = YES;
				CLANG_WARN_ENUM_CONVERSION = YES;
				CLANG_WARN_INFINITE_RECURSION = YES;
				CLANG_WARN_INT_CONVERSION = YES;
				CLANG_WARN_NON_LITERAL_NULL_CONVERSION = YES;
				CLANG_WARN_OBJC_IMPLICIT_RETAIN_SELF = YES;
				CLANG_WARN_OBJC_LITERAL_CONVERSION = YES;
				CLANG_WARN_OBJC_ROOT_CLASS = YES_ERROR;
				CLANG_WARN_QUOTED_INCLUDE_IN_FRAMEWORK_HEADER = YES;
				CLANG_WARN_RANGE_LOOP_ANALYSIS = YES;
				CLANG_WARN_STRICT_PROTOTYPES = YES;
				CLANG_WARN_SUSPICIOUS_MOVE = YES;
				CLANG_WARN_UNREACHABLE_CODE = YES;
				CLANG_WARN__DUPLICATE_METHOD_MATCH = YES;
				"CODE_SIGN_IDENTITY[sdk=iphoneos*]" = "iPhone Developer";
				COPY_PHASE_STRIP = NO;
				DEBUG_INFORMATION_FORMAT = dwarf;
				ENABLE_STRICT_OBJC_MSGSEND = YES;
				ENABLE_TESTABILITY = YES;
				ENABLE_USER_SCRIPT_SANDBOXING = NO;
				GCC_C_LANGUAGE_STANDARD = gnu99;
				GCC_DYNAMIC_NO_PIC = NO;
				GCC_NO_COMMON_BLOCKS = YES;
				GCC_OPTIMIZATION_LEVEL = 0;
				GCC_PREPROCESSOR_DEFINITIONS = (
					"DEBUG=1",
					"$(inherited)",
				);
				GCC_WARN_64_TO_32_BIT_CONVERSION = YES;
				GCC_WARN_ABOUT_RETURN_TYPE = YES_ERROR;
				GCC_WARN_UNDECLARED_SELECTOR = YES;
				GCC_WARN_UNINITIALIZED_AUTOS = YES_AGGRESSIVE;
				GCC_WARN_UNUSED_FUNCTION = YES;
				GCC_WARN_UNUSED_VARIABLE = YES;
				IPHONEOS_DEPLOYMENT_TARGET = 12;
				MTL_ENABLE_DEBUG_INFO = YES;
				ONLY_ACTIVE_ARCH = YES;
				SDKROOT = iphoneos;
				TARGETED_DEVICE_FAMILY = "1,2";
			};
			name = Debug;
		};
		97C147041CF9000F007C117D /* Release */ = {
			isa = XCBuildConfiguration;
			buildSettings = {
				ALWAYS_SEARCH_USER_PATHS = NO;
				CLANG_ANALYZER_LOCALIZABILITY_NONLOCALIZED = YES;
				CLANG_ANALYZER_NONNULL = YES;
				CLANG_CXX_LANGUAGE_STANDARD = "gnu++0x";
				CLANG_CXX_LIBRARY = "libc++";
				CLANG_ENABLE_MODULES = YES;
				CLANG_ENABLE_OBJC_ARC = YES;
				CLANG_WARN_BLOCK_CAPTURE_AUTORELEASING = YES;
				CLANG_WARN_BOOL_CONVERSION = YES;
				CLANG_WARN_COMMA = YES;
				CLANG_WARN_CONSTANT_CONVERSION = YES;
				CLANG_WARN_DEPRECATED_OBJC_IMPLEMENTATIONS = YES;
				CLANG_WARN_DIRECT_OBJC_ISA_USAGE = YES_ERROR;
				CLANG_WARN_EMPTY_BODY = YES;
				CLANG_WARN_ENUM_CONVERSION = YES;
				CLANG_WARN_INFINITE_RECURSION = YES;
				CLANG_WARN_INT_CONVERSION = YES;
				CLANG_WARN_NON_LITERAL_NULL_CONVERSION = YES;
				CLANG_WARN_OBJC_IMPLICIT_RETAIN_SELF = YES;
				CLANG_WARN_OBJC_LITERAL_CONVERSION = YES;
				CLANG_WARN_OBJC_ROOT_CLASS = YES_ERROR;
				CLANG_WARN_QUOTED_INCLUDE_IN_FRAMEWORK_HEADER = YES;
				CLANG_WARN_RANGE_LOOP_ANALYSIS = YES;
				CLANG_WARN_STRICT_PROTOTYPES = YES;
				CLANG_WARN_SUSPICIOUS_MOVE = YES;
				CLANG_WARN_UNREACHABLE_CODE = YES;
				CLANG_WARN__DUPLICATE_METHOD_MATCH = YES;
				CODE_SIGN_IDENTITY = "Apple Development";
				"CODE_SIGN_IDENTITY[sdk=iphoneos*]" = "Apple Development";
				COPY_PHASE_STRIP = NO;
				DEBUG_INFORMATION_FORMAT = "dwarf-with-dsym";
				ENABLE_NS_ASSERTIONS = NO;
				ENABLE_STRICT_OBJC_MSGSEND = YES;
				ENABLE_USER_SCRIPT_SANDBOXING = NO;
				GCC_C_LANGUAGE_STANDARD = gnu99;
				GCC_NO_COMMON_BLOCKS = YES;
				GCC_WARN_64_TO_32_BIT_CONVERSION = YES;
				GCC_WARN_ABOUT_RETURN_TYPE = YES_ERROR;
				GCC_WARN_UNDECLARED_SELECTOR = YES;
				GCC_WARN_UNINITIALIZED_AUTOS = YES_AGGRESSIVE;
				GCC_WARN_UNUSED_FUNCTION = YES;
				GCC_WARN_UNUSED_VARIABLE = YES;
				IPHONEOS_DEPLOYMENT_TARGET = 12;
				MTL_ENABLE_DEBUG_INFO = NO;
				SDKROOT = iphoneos;
				SUPPORTED_PLATFORMS = iphoneos;
				SWIFT_COMPILATION_MODE = wholemodule;
				SWIFT_OPTIMIZATION_LEVEL = "-O";
				TARGETED_DEVICE_FAMILY = "1,2";
				VALIDATE_PRODUCT = YES;
			};
			name = Release;
		};
		97C147061CF9000F007C117D /* Debug */ = {
			isa = XCBuildConfiguration;
			baseConfigurationReference = 9740EEB21CF90195004384FC /* Debug.xcconfig */;
			buildSettings = {
				ASSETCATALOG_COMPILER_APPICON_NAME = AppIcon;
				CLANG_ENABLE_MODULES = YES;
				CODE_SIGN_ENTITLEMENTS = Runner/Runner.entitlements;
				CODE_SIGN_IDENTITY = "Apple Development";
				CODE_SIGN_STYLE = Automatic;
				CURRENT_PROJECT_VERSION = 1;
				DEVELOPMENT_TEAM = MBFRA8P6N9;
				ENABLE_BITCODE = NO;
				INFOPLIST_FILE = Runner/Info.plist;
				INFOPLIST_KEY_LSApplicationCategoryType = "public.app-category.utilities";
				IPHONEOS_DEPLOYMENT_TARGET = 12.0;
				LD_RUNPATH_SEARCH_PATHS = (
					"$(inherited)",
					"@executable_path/Frameworks",
				);
				MARKETING_VERSION = 1.0.8;
				PRODUCT_BUNDLE_IDENTIFIER = io.nedaa.nedaaApp;
				PRODUCT_NAME = "$(TARGET_NAME)";
				PROVISIONING_PROFILE_SPECIFIER = "";
				SUPPORTED_PLATFORMS = "iphoneos iphonesimulator";
				SUPPORTS_MACCATALYST = NO;
				SUPPORTS_MAC_DESIGNED_FOR_IPHONE_IPAD = NO;
				SUPPORTS_XR_DESIGNED_FOR_IPHONE_IPAD = NO;
				SWIFT_OBJC_BRIDGING_HEADER = "Runner/Runner-Bridging-Header.h";
				SWIFT_OPTIMIZATION_LEVEL = "-Onone";
				SWIFT_VERSION = 5.0;
				TARGETED_DEVICE_FAMILY = 1;
				VERSIONING_SYSTEM = "apple-generic";
			};
			name = Debug;
		};
		97C147071CF9000F007C117D /* Release */ = {
			isa = XCBuildConfiguration;
			baseConfigurationReference = 7AFA3C8E1D35360C0083082E /* Release.xcconfig */;
			buildSettings = {
				ASSETCATALOG_COMPILER_APPICON_NAME = AppIcon;
				CLANG_ENABLE_MODULES = YES;
				CODE_SIGN_ENTITLEMENTS = Runner/Runner.entitlements;
				CODE_SIGN_IDENTITY = "Apple Development";
				"CODE_SIGN_IDENTITY[sdk=iphoneos*]" = "Apple Development";
				CODE_SIGN_STYLE = Automatic;
				CURRENT_PROJECT_VERSION = 1;
				DEVELOPMENT_TEAM = MBFRA8P6N9;
				ENABLE_BITCODE = NO;
				INFOPLIST_FILE = Runner/Info.plist;
				INFOPLIST_KEY_LSApplicationCategoryType = "public.app-category.utilities";
				IPHONEOS_DEPLOYMENT_TARGET = 12.0;
				LD_RUNPATH_SEARCH_PATHS = (
					"$(inherited)",
					"@executable_path/Frameworks",
				);
				MARKETING_VERSION = 1.0.8;
				PRODUCT_BUNDLE_IDENTIFIER = io.nedaa.nedaaApp;
				PRODUCT_NAME = "$(TARGET_NAME)";
				PROVISIONING_PROFILE_SPECIFIER = "";
				SUPPORTED_PLATFORMS = "iphoneos iphonesimulator";
				SUPPORTS_MACCATALYST = NO;
				SUPPORTS_MAC_DESIGNED_FOR_IPHONE_IPAD = NO;
				SUPPORTS_XR_DESIGNED_FOR_IPHONE_IPAD = NO;
				SWIFT_OBJC_BRIDGING_HEADER = "Runner/Runner-Bridging-Header.h";
				SWIFT_VERSION = 5.0;
				TARGETED_DEVICE_FAMILY = 1;
				VERSIONING_SYSTEM = "apple-generic";
			};
			name = Release;
		};
/* End XCBuildConfiguration section */

/* Begin XCConfigurationList section */
		35ED90AB2A1E008E001D7EDF /* Build configuration list for PBXNativeTarget "NedaaWidgetExtension" */ = {
			isa = XCConfigurationList;
			buildConfigurations = (
				35ED90AC2A1E008E001D7EDF /* Debug */,
				35ED90AD2A1E008E001D7EDF /* Release */,
				35ED90AE2A1E008E001D7EDF /* Profile */,
			);
			defaultConfigurationIsVisible = 0;
			defaultConfigurationName = Release;
		};
		97C146E91CF9000F007C117D /* Build configuration list for PBXProject "Runner" */ = {
			isa = XCConfigurationList;
			buildConfigurations = (
				97C147031CF9000F007C117D /* Debug */,
				97C147041CF9000F007C117D /* Release */,
				249021D3217E4FDB00AE95B9 /* Profile */,
			);
			defaultConfigurationIsVisible = 0;
			defaultConfigurationName = Release;
		};
		97C147051CF9000F007C117D /* Build configuration list for PBXNativeTarget "Runner" */ = {
			isa = XCConfigurationList;
			buildConfigurations = (
				97C147061CF9000F007C117D /* Debug */,
				97C147071CF9000F007C117D /* Release */,
				249021D4217E4FDB00AE95B9 /* Profile */,
			);
			defaultConfigurationIsVisible = 0;
			defaultConfigurationName = Release;
		};
/* End XCConfigurationList section */
	};
	rootObject = 97C146E61CF9000F007C117D /* Project object */;
}
